// !$*UTF8*$!
{
	archiveVersion = 1;
	classes = {
	};
	objectVersion = 55;
	objects = {

/* Begin PBXBuildFile section */
		1109B49D28084AAB004D6248 /* ProfileButton.swift in Sources */ = {isa = PBXBuildFile; fileRef = 1109B49C28084AAB004D6248 /* ProfileButton.swift */; };
		1109B49F28085650004D6248 /* FeaturedCollectionCell.swift in Sources */ = {isa = PBXBuildFile; fileRef = 1109B49E28085650004D6248 /* FeaturedCollectionCell.swift */; };
		1109B4A12808569F004D6248 /* FeaturedCollectionCell.xib in Resources */ = {isa = PBXBuildFile; fileRef = 1109B4A02808569F004D6248 /* FeaturedCollectionCell.xib */; };
		1109B4A328086422004D6248 /* CategoryCell.swift in Sources */ = {isa = PBXBuildFile; fileRef = 1109B4A228086422004D6248 /* CategoryCell.swift */; };
		11308157280128EA00A7661D /* ShadowView.swift in Sources */ = {isa = PBXBuildFile; fileRef = 11308156280128EA00A7661D /* ShadowView.swift */; };
		113081592802482900A7661D /* FeatureCell.swift in Sources */ = {isa = PBXBuildFile; fileRef = 113081582802482900A7661D /* FeatureCell.swift */; };
		1130815B280248F800A7661D /* FeatureCell.xib in Resources */ = {isa = PBXBuildFile; fileRef = 1130815A280248F800A7661D /* FeatureCell.xib */; };
		1130815D2802552400A7661D /* HeaderView.swift in Sources */ = {isa = PBXBuildFile; fileRef = 1130815C2802552400A7661D /* HeaderView.swift */; };
		1130815F2802554600A7661D /* HeaderView.xib in Resources */ = {isa = PBXBuildFile; fileRef = 1130815E2802554600A7661D /* HeaderView.xib */; };
		1170DDE927F01A4600DCF5B1 /* AppDelegate.swift in Sources */ = {isa = PBXBuildFile; fileRef = 1170DDE827F01A4600DCF5B1 /* AppDelegate.swift */; };
		1170DDEB27F01A4600DCF5B1 /* SceneDelegate.swift in Sources */ = {isa = PBXBuildFile; fileRef = 1170DDEA27F01A4600DCF5B1 /* SceneDelegate.swift */; };
		1170DDF027F01A4600DCF5B1 /* Main.storyboard in Resources */ = {isa = PBXBuildFile; fileRef = 1170DDEE27F01A4600DCF5B1 /* Main.storyboard */; };
		1170DDF227F01A4800DCF5B1 /* Assets.xcassets in Resources */ = {isa = PBXBuildFile; fileRef = 1170DDF127F01A4800DCF5B1 /* Assets.xcassets */; };
		1170DDF527F01A4800DCF5B1 /* LaunchScreen.storyboard in Resources */ = {isa = PBXBuildFile; fileRef = 1170DDF327F01A4800DCF5B1 /* LaunchScreen.storyboard */; };
		1170DE0527F0F73200DCF5B1 /* LoginSignupViewController.swift in Sources */ = {isa = PBXBuildFile; fileRef = 1170DE0427F0F73200DCF5B1 /* LoginSignupViewController.swift */; };
		1170DE0927F0F7BD00DCF5B1 /* CustomButton.swift in Sources */ = {isa = PBXBuildFile; fileRef = 1170DE0827F0F7BD00DCF5B1 /* CustomButton.swift */; };
		1170DE0B27F0FC7F00DCF5B1 /* CustomLabel.swift in Sources */ = {isa = PBXBuildFile; fileRef = 1170DE0A27F0FC7F00DCF5B1 /* CustomLabel.swift */; };
		1170DE0D27F1015D00DCF5B1 /* LoginViewController.swift in Sources */ = {isa = PBXBuildFile; fileRef = 1170DE0C27F1015D00DCF5B1 /* LoginViewController.swift */; };
		1170DE1027F10D1C00DCF5B1 /* UIColor+CustomColor.swift in Sources */ = {isa = PBXBuildFile; fileRef = 1170DE0F27F10D1C00DCF5B1 /* UIColor+CustomColor.swift */; };
		1170DE1227F1105700DCF5B1 /* CustomTextField.swift in Sources */ = {isa = PBXBuildFile; fileRef = 1170DE1127F1105700DCF5B1 /* CustomTextField.swift */; };
		1170DE1427F1121300DCF5B1 /* SignUpViewController.swift in Sources */ = {isa = PBXBuildFile; fileRef = 1170DE1327F1121300DCF5B1 /* SignUpViewController.swift */; };
		1170DE1627F1370F00DCF5B1 /* CustomNavigationController.swift in Sources */ = {isa = PBXBuildFile; fileRef = 1170DE1527F1370F00DCF5B1 /* CustomNavigationController.swift */; };
		1170DE1927F13C7700DCF5B1 /* ic_arrow_back.png in Resources */ = {isa = PBXBuildFile; fileRef = 1170DE1827F13C7700DCF5B1 /* ic_arrow_back.png */; };
		1170DE1B27F13C8400DCF5B1 /* ic_notification.png in Resources */ = {isa = PBXBuildFile; fileRef = 1170DE1A27F13C8400DCF5B1 /* ic_notification.png */; };
		1170DE1E27F14F0400DCF5B1 /* ic_home_grey.png in Resources */ = {isa = PBXBuildFile; fileRef = 1170DE1D27F14F0400DCF5B1 /* ic_home_grey.png */; };
		1170DE2027F14F1200DCF5B1 /* ic_favorites_grey.png in Resources */ = {isa = PBXBuildFile; fileRef = 1170DE1F27F14F1200DCF5B1 /* ic_favorites_grey.png */; };
		1170DE2227F14F1C00DCF5B1 /* ic_profile_grey.png in Resources */ = {isa = PBXBuildFile; fileRef = 1170DE2127F14F1C00DCF5B1 /* ic_profile_grey.png */; };
		1170DE2427F14F2D00DCF5B1 /* ic_recipes_grey.png in Resources */ = {isa = PBXBuildFile; fileRef = 1170DE2327F14F2D00DCF5B1 /* ic_recipes_grey.png */; };
		1170DE2627F1515B00DCF5B1 /* HomeTableViewController.swift in Sources */ = {isa = PBXBuildFile; fileRef = 1170DE2527F1515B00DCF5B1 /* HomeTableViewController.swift */; };
		1170DE2827F151C000DCF5B1 /* CategoryTableViewController.swift in Sources */ = {isa = PBXBuildFile; fileRef = 1170DE2727F151C000DCF5B1 /* CategoryTableViewController.swift */; };
		1170DE2A27F1521500DCF5B1 /* FavoriteTableViewController.swift in Sources */ = {isa = PBXBuildFile; fileRef = 1170DE2927F1521500DCF5B1 /* FavoriteTableViewController.swift */; };
		1170DE2C27F1525900DCF5B1 /* ProfileViewController.swift in Sources */ = {isa = PBXBuildFile; fileRef = 1170DE2B27F1525900DCF5B1 /* ProfileViewController.swift */; };
		1170DE2E27F1544700DCF5B1 /* BigPictureStoryboard.storyboard in Resources */ = {isa = PBXBuildFile; fileRef = 1170DE2D27F1544700DCF5B1 /* BigPictureStoryboard.storyboard */; };
		11B9FB7B27FE6BDE00EF94FD /* TabBarMenu.storyboard in Resources */ = {isa = PBXBuildFile; fileRef = 11B9FB7927FE6BDE00EF94FD /* TabBarMenu.storyboard */; };
		11B9FB7D27FE6DB600EF94FD /* RecipeGeneratorViewController.swift in Sources */ = {isa = PBXBuildFile; fileRef = 11B9FB7C27FE6DB600EF94FD /* RecipeGeneratorViewController.swift */; };
		11B9FB8127FE720200EF94FD /* Home.storyboard in Resources */ = {isa = PBXBuildFile; fileRef = 11B9FB7F27FE720200EF94FD /* Home.storyboard */; };
		11B9FB8427FE741E00EF94FD /* Category.storyboard in Resources */ = {isa = PBXBuildFile; fileRef = 11B9FB8327FE741E00EF94FD /* Category.storyboard */; };
		11B9FB8827FE75DC00EF94FD /* Favorites.storyboard in Resources */ = {isa = PBXBuildFile; fileRef = 11B9FB8627FE75DC00EF94FD /* Favorites.storyboard */; };
		11B9FB8B27FE768600EF94FD /* Profile.storyboard in Resources */ = {isa = PBXBuildFile; fileRef = 11B9FB8A27FE768600EF94FD /* Profile.storyboard */; };
		11B9FB8E27FE76E100EF94FD /* Generator.storyboard in Resources */ = {isa = PBXBuildFile; fileRef = 11B9FB8C27FE76E100EF94FD /* Generator.storyboard */; };
		11B9FB9327FFBB1C00EF94FD /* RecipeCell.swift in Sources */ = {isa = PBXBuildFile; fileRef = 11B9FB9227FFBB1B00EF94FD /* RecipeCell.swift */; };
		11B9FB9527FFBB5600EF94FD /* RecipeCell.xib in Resources */ = {isa = PBXBuildFile; fileRef = 11B9FB9427FFBB5600EF94FD /* RecipeCell.xib */; };
		11B9FB9727FFCAC900EF94FD /* sources in Resources */ = {isa = PBXBuildFile; fileRef = 11B9FB9627FFCAC900EF94FD /* sources */; };
/* End PBXBuildFile section */

/* Begin PBXFileReference section */
		1109B49C28084AAB004D6248 /* ProfileButton.swift */ = {isa = PBXFileReference; lastKnownFileType = sourcecode.swift; path = ProfileButton.swift; sourceTree = "<group>"; };
		1109B49E28085650004D6248 /* FeaturedCollectionCell.swift */ = {isa = PBXFileReference; lastKnownFileType = sourcecode.swift; path = FeaturedCollectionCell.swift; sourceTree = "<group>"; };
		1109B4A02808569F004D6248 /* FeaturedCollectionCell.xib */ = {isa = PBXFileReference; lastKnownFileType = file.xib; path = FeaturedCollectionCell.xib; sourceTree = "<group>"; };
		1109B4A228086422004D6248 /* CategoryCell.swift */ = {isa = PBXFileReference; lastKnownFileType = sourcecode.swift; path = CategoryCell.swift; sourceTree = "<group>"; };
		11308156280128EA00A7661D /* ShadowView.swift */ = {isa = PBXFileReference; lastKnownFileType = sourcecode.swift; path = ShadowView.swift; sourceTree = "<group>"; };
		113081582802482900A7661D /* FeatureCell.swift */ = {isa = PBXFileReference; lastKnownFileType = sourcecode.swift; path = FeatureCell.swift; sourceTree = "<group>"; };
		1130815A280248F800A7661D /* FeatureCell.xib */ = {isa = PBXFileReference; lastKnownFileType = file.xib; path = FeatureCell.xib; sourceTree = "<group>"; };
		1130815C2802552400A7661D /* HeaderView.swift */ = {isa = PBXFileReference; lastKnownFileType = sourcecode.swift; path = HeaderView.swift; sourceTree = "<group>"; };
		1130815E2802554600A7661D /* HeaderView.xib */ = {isa = PBXFileReference; lastKnownFileType = file.xib; path = HeaderView.xib; sourceTree = "<group>"; };
		1170DDE527F01A4600DCF5B1 /* MH.app */ = {isa = PBXFileReference; explicitFileType = wrapper.application; includeInIndex = 0; path = MH.app; sourceTree = BUILT_PRODUCTS_DIR; };
		1170DDE827F01A4600DCF5B1 /* AppDelegate.swift */ = {isa = PBXFileReference; lastKnownFileType = sourcecode.swift; path = AppDelegate.swift; sourceTree = "<group>"; };
		1170DDEA27F01A4600DCF5B1 /* SceneDelegate.swift */ = {isa = PBXFileReference; lastKnownFileType = sourcecode.swift; path = SceneDelegate.swift; sourceTree = "<group>"; };
		1170DDEF27F01A4600DCF5B1 /* Base */ = {isa = PBXFileReference; lastKnownFileType = file.storyboard; name = Base; path = Base.lproj/Main.storyboard; sourceTree = "<group>"; };
		1170DDF127F01A4800DCF5B1 /* Assets.xcassets */ = {isa = PBXFileReference; lastKnownFileType = folder.assetcatalog; path = Assets.xcassets; sourceTree = "<group>"; };
		1170DDF427F01A4800DCF5B1 /* Base */ = {isa = PBXFileReference; lastKnownFileType = file.storyboard; name = Base; path = Base.lproj/LaunchScreen.storyboard; sourceTree = "<group>"; };
		1170DDF627F01A4800DCF5B1 /* Info.plist */ = {isa = PBXFileReference; lastKnownFileType = text.plist.xml; path = Info.plist; sourceTree = "<group>"; };
		1170DE0427F0F73200DCF5B1 /* LoginSignupViewController.swift */ = {isa = PBXFileReference; lastKnownFileType = sourcecode.swift; path = LoginSignupViewController.swift; sourceTree = "<group>"; };
		1170DE0827F0F7BD00DCF5B1 /* CustomButton.swift */ = {isa = PBXFileReference; lastKnownFileType = sourcecode.swift; path = CustomButton.swift; sourceTree = "<group>"; };
		1170DE0A27F0FC7F00DCF5B1 /* CustomLabel.swift */ = {isa = PBXFileReference; lastKnownFileType = sourcecode.swift; path = CustomLabel.swift; sourceTree = "<group>"; };
		1170DE0C27F1015D00DCF5B1 /* LoginViewController.swift */ = {isa = PBXFileReference; lastKnownFileType = sourcecode.swift; path = LoginViewController.swift; sourceTree = "<group>"; };
		1170DE0F27F10D1C00DCF5B1 /* UIColor+CustomColor.swift */ = {isa = PBXFileReference; lastKnownFileType = sourcecode.swift; path = "UIColor+CustomColor.swift"; sourceTree = "<group>"; };
		1170DE1127F1105700DCF5B1 /* CustomTextField.swift */ = {isa = PBXFileReference; lastKnownFileType = sourcecode.swift; path = CustomTextField.swift; sourceTree = "<group>"; };
		1170DE1327F1121300DCF5B1 /* SignUpViewController.swift */ = {isa = PBXFileReference; lastKnownFileType = sourcecode.swift; path = SignUpViewController.swift; sourceTree = "<group>"; };
		1170DE1527F1370F00DCF5B1 /* CustomNavigationController.swift */ = {isa = PBXFileReference; lastKnownFileType = sourcecode.swift; path = CustomNavigationController.swift; sourceTree = "<group>"; };
		1170DE1827F13C7700DCF5B1 /* ic_arrow_back.png */ = {isa = PBXFileReference; lastKnownFileType = image.png; path = ic_arrow_back.png; sourceTree = "<group>"; };
		1170DE1A27F13C8400DCF5B1 /* ic_notification.png */ = {isa = PBXFileReference; lastKnownFileType = image.png; path = ic_notification.png; sourceTree = "<group>"; };
		1170DE1D27F14F0400DCF5B1 /* ic_home_grey.png */ = {isa = PBXFileReference; lastKnownFileType = image.png; path = ic_home_grey.png; sourceTree = "<group>"; };
		1170DE1F27F14F1200DCF5B1 /* ic_favorites_grey.png */ = {isa = PBXFileReference; lastKnownFileType = image.png; path = ic_favorites_grey.png; sourceTree = "<group>"; };
		1170DE2127F14F1C00DCF5B1 /* ic_profile_grey.png */ = {isa = PBXFileReference; lastKnownFileType = image.png; path = ic_profile_grey.png; sourceTree = "<group>"; };
		1170DE2327F14F2D00DCF5B1 /* ic_recipes_grey.png */ = {isa = PBXFileReference; lastKnownFileType = image.png; path = ic_recipes_grey.png; sourceTree = "<group>"; };
		1170DE2527F1515B00DCF5B1 /* HomeTableViewController.swift */ = {isa = PBXFileReference; lastKnownFileType = sourcecode.swift; path = HomeTableViewController.swift; sourceTree = "<group>"; };
		1170DE2727F151C000DCF5B1 /* CategoryTableViewController.swift */ = {isa = PBXFileReference; lastKnownFileType = sourcecode.swift; path = CategoryTableViewController.swift; sourceTree = "<group>"; };
		1170DE2927F1521500DCF5B1 /* FavoriteTableViewController.swift */ = {isa = PBXFileReference; lastKnownFileType = sourcecode.swift; path = FavoriteTableViewController.swift; sourceTree = "<group>"; };
		1170DE2B27F1525900DCF5B1 /* ProfileViewController.swift */ = {isa = PBXFileReference; lastKnownFileType = sourcecode.swift; path = ProfileViewController.swift; sourceTree = "<group>"; };
		1170DE2D27F1544700DCF5B1 /* BigPictureStoryboard.storyboard */ = {isa = PBXFileReference; lastKnownFileType = file.storyboard; path = BigPictureStoryboard.storyboard; sourceTree = "<group>"; };
		11B9FB7A27FE6BDE00EF94FD /* Base */ = {isa = PBXFileReference; lastKnownFileType = file.storyboard; name = Base; path = MH/Base.lproj/TabBarMenu.storyboard; sourceTree = "<group>"; };
		11B9FB7C27FE6DB600EF94FD /* RecipeGeneratorViewController.swift */ = {isa = PBXFileReference; lastKnownFileType = sourcecode.swift; path = RecipeGeneratorViewController.swift; sourceTree = "<group>"; };
		11B9FB8027FE720200EF94FD /* Base */ = {isa = PBXFileReference; lastKnownFileType = file.storyboard; name = Base; path = MH/Storyboard/MH/Base.lproj/Home.storyboard; sourceTree = "<group>"; };
		11B9FB8327FE741E00EF94FD /* Category.storyboard */ = {isa = PBXFileReference; fileEncoding = 4; lastKnownFileType = file.storyboard; path = Category.storyboard; sourceTree = "<group>"; };
		11B9FB8727FE75DC00EF94FD /* Base */ = {isa = PBXFileReference; lastKnownFileType = file.storyboard; name = Base; path = MH/Storyboard/MH/Base.lproj/Favorites.storyboard; sourceTree = "<group>"; };
		11B9FB8A27FE768600EF94FD /* Profile.storyboard */ = {isa = PBXFileReference; fileEncoding = 4; lastKnownFileType = file.storyboard; path = Profile.storyboard; sourceTree = "<group>"; };
		11B9FB8D27FE76E100EF94FD /* Base */ = {isa = PBXFileReference; lastKnownFileType = file.storyboard; name = Base; path = MH/Storyboard/MH/Base.lproj/Generator.storyboard; sourceTree = "<group>"; };
		11B9FB9227FFBB1B00EF94FD /* RecipeCell.swift */ = {isa = PBXFileReference; lastKnownFileType = sourcecode.swift; path = RecipeCell.swift; sourceTree = "<group>"; };
		11B9FB9427FFBB5600EF94FD /* RecipeCell.xib */ = {isa = PBXFileReference; lastKnownFileType = file.xib; path = RecipeCell.xib; sourceTree = "<group>"; };
		11B9FB9627FFCAC900EF94FD /* sources */ = {isa = PBXFileReference; lastKnownFileType = text; path = sources; sourceTree = "<group>"; };
/* End PBXFileReference section */

/* Begin PBXFrameworksBuildPhase section */
		1170DDE227F01A4600DCF5B1 /* Frameworks */ = {
			isa = PBXFrameworksBuildPhase;
			buildActionMask = 2147483647;
			files = (
			);
			runOnlyForDeploymentPostprocessing = 0;
		};
/* End PBXFrameworksBuildPhase section */

/* Begin PBXGroup section */
		1170DDDC27F01A4600DCF5B1 = {
			isa = PBXGroup;
			children = (
				11B9FB9627FFCAC900EF94FD /* sources */,
				1170DDE727F01A4600DCF5B1 /* MH */,
				1170DDE627F01A4600DCF5B1 /* Products */,
			);
			sourceTree = "<group>";
		};
		1170DDE627F01A4600DCF5B1 /* Products */ = {
			isa = PBXGroup;
			children = (
				1170DDE527F01A4600DCF5B1 /* MH.app */,
			);
			name = Products;
			sourceTree = "<group>";
		};
		1170DDE727F01A4600DCF5B1 /* MH */ = {
			isa = PBXGroup;
			children = (
				11B9FB9127FF7C7D00EF94FD /* Cells */,
				11B9FB7E27FE71C300EF94FD /* Storyboard */,
				11B9FB8227FE73BC00EF94FD /* Home */,
				11B9FB9027FE772600EF94FD /* Generator */,
				11B9FB8527FE758100EF94FD /* Categories */,
				11B9FB8927FE761D00EF94FD /* Favorites */,
				11B9FB8F27FE771700EF94FD /* Profile */,
				1170DE1727F13C3B00DCF5B1 /* Icons */,
				1170DE0E27F10CF200DCF5B1 /* Extensions */,
				1170DE0727F0F75900DCF5B1 /* Custom */,
				1170DE0627F0F74900DCF5B1 /* View Controller */,
				1170DDE827F01A4600DCF5B1 /* AppDelegate.swift */,
				1170DDEA27F01A4600DCF5B1 /* SceneDelegate.swift */,
				1170DE2D27F1544700DCF5B1 /* BigPictureStoryboard.storyboard */,
				1170DDF127F01A4800DCF5B1 /* Assets.xcassets */,
				1170DDF327F01A4800DCF5B1 /* LaunchScreen.storyboard */,
				1170DDF627F01A4800DCF5B1 /* Info.plist */,
			);
			path = MH;
			sourceTree = "<group>";
		};
		1170DE0627F0F74900DCF5B1 /* View Controller */ = {
			isa = PBXGroup;
			children = (
				1170DE0427F0F73200DCF5B1 /* LoginSignupViewController.swift */,
				1170DE0C27F1015D00DCF5B1 /* LoginViewController.swift */,
				1170DE1327F1121300DCF5B1 /* SignUpViewController.swift */,
			);
			path = "View Controller";
			sourceTree = "<group>";
		};
		1170DE0727F0F75900DCF5B1 /* Custom */ = {
			isa = PBXGroup;
			children = (
				1170DE0827F0F7BD00DCF5B1 /* CustomButton.swift */,
				1170DE0A27F0FC7F00DCF5B1 /* CustomLabel.swift */,
				1170DE1127F1105700DCF5B1 /* CustomTextField.swift */,
				1170DE1527F1370F00DCF5B1 /* CustomNavigationController.swift */,
				11308156280128EA00A7661D /* ShadowView.swift */,
			);
			path = Custom;
			sourceTree = "<group>";
		};
		1170DE0E27F10CF200DCF5B1 /* Extensions */ = {
			isa = PBXGroup;
			children = (
				1170DE0F27F10D1C00DCF5B1 /* UIColor+CustomColor.swift */,
			);
			path = Extensions;
			sourceTree = "<group>";
		};
		1170DE1727F13C3B00DCF5B1 /* Icons */ = {
			isa = PBXGroup;
			children = (
				1170DE1C27F13C8F00DCF5B1 /* Asset Pack #1 */,
			);
			path = Icons;
			sourceTree = "<group>";
		};
		1170DE1C27F13C8F00DCF5B1 /* Asset Pack #1 */ = {
			isa = PBXGroup;
			children = (
				1170DE1D27F14F0400DCF5B1 /* ic_home_grey.png */,
				1170DE1827F13C7700DCF5B1 /* ic_arrow_back.png */,
				1170DE1A27F13C8400DCF5B1 /* ic_notification.png */,
				1170DE1F27F14F1200DCF5B1 /* ic_favorites_grey.png */,
				1170DE2127F14F1C00DCF5B1 /* ic_profile_grey.png */,
				1170DE2327F14F2D00DCF5B1 /* ic_recipes_grey.png */,
			);
			path = "Asset Pack #1";
			sourceTree = "<group>";
		};
		11B9FB7E27FE71C300EF94FD /* Storyboard */ = {
			isa = PBXGroup;
			children = (
				1170DDEE27F01A4600DCF5B1 /* Main.storyboard */,
				11B9FB7927FE6BDE00EF94FD /* TabBarMenu.storyboard */,
				11B9FB7F27FE720200EF94FD /* Home.storyboard */,
				11B9FB8327FE741E00EF94FD /* Category.storyboard */,
				11B9FB8C27FE76E100EF94FD /* Generator.storyboard */,
				11B9FB8627FE75DC00EF94FD /* Favorites.storyboard */,
				11B9FB8A27FE768600EF94FD /* Profile.storyboard */,
			);
			path = Storyboard;
			sourceTree = "<group>";
		};
		11B9FB8227FE73BC00EF94FD /* Home */ = {
			isa = PBXGroup;
			children = (
				1170DE2527F1515B00DCF5B1 /* HomeTableViewController.swift */,
			);
			path = Home;
			sourceTree = "<group>";
		};
		11B9FB8527FE758100EF94FD /* Categories */ = {
			isa = PBXGroup;
			children = (
				1170DE2727F151C000DCF5B1 /* CategoryTableViewController.swift */,
				1109B4A228086422004D6248 /* CategoryCell.swift */,
			);
			path = Categories;
			sourceTree = "<group>";
		};
		11B9FB8927FE761D00EF94FD /* Favorites */ = {
			isa = PBXGroup;
			children = (
				1170DE2927F1521500DCF5B1 /* FavoriteTableViewController.swift */,
			);
			path = Favorites;
			sourceTree = "<group>";
		};
		11B9FB8F27FE771700EF94FD /* Profile */ = {
			isa = PBXGroup;
			children = (
				1170DE2B27F1525900DCF5B1 /* ProfileViewController.swift */,
				1109B49C28084AAB004D6248 /* ProfileButton.swift */,
			);
			path = Profile;
			sourceTree = "<group>";
		};
		11B9FB9027FE772600EF94FD /* Generator */ = {
			isa = PBXGroup;
			children = (
				11B9FB7C27FE6DB600EF94FD /* RecipeGeneratorViewController.swift */,
			);
			path = Generator;
			sourceTree = "<group>";
		};
		11B9FB9127FF7C7D00EF94FD /* Cells */ = {
			isa = PBXGroup;
			children = (
				11B9FB9227FFBB1B00EF94FD /* RecipeCell.swift */,
				11B9FB9427FFBB5600EF94FD /* RecipeCell.xib */,
				113081582802482900A7661D /* FeatureCell.swift */,
				1130815A280248F800A7661D /* FeatureCell.xib */,
				1130815C2802552400A7661D /* HeaderView.swift */,
				1130815E2802554600A7661D /* HeaderView.xib */,
				1109B49E28085650004D6248 /* FeaturedCollectionCell.swift */,
				1109B4A02808569F004D6248 /* FeaturedCollectionCell.xib */,
			);
			path = Cells;
			sourceTree = "<group>";
		};
/* End PBXGroup section */

/* Begin PBXNativeTarget section */
		1170DDE427F01A4600DCF5B1 /* MH */ = {
			isa = PBXNativeTarget;
			buildConfigurationList = 1170DDF927F01A4800DCF5B1 /* Build configuration list for PBXNativeTarget "MH" */;
			buildPhases = (
				1170DDE127F01A4600DCF5B1 /* Sources */,
				1170DDE227F01A4600DCF5B1 /* Frameworks */,
				1170DDE327F01A4600DCF5B1 /* Resources */,
			);
			buildRules = (
			);
			dependencies = (
			);
			name = MH;
			productName = MH;
			productReference = 1170DDE527F01A4600DCF5B1 /* MH.app */;
			productType = "com.apple.product-type.application";
		};
/* End PBXNativeTarget section */

/* Begin PBXProject section */
		1170DDDD27F01A4600DCF5B1 /* Project object */ = {
			isa = PBXProject;
			attributes = {
				BuildIndependentTargetsInParallel = 1;
				LastSwiftUpdateCheck = 1330;
				LastUpgradeCheck = 1330;
				TargetAttributes = {
					1170DDE427F01A4600DCF5B1 = {
						CreatedOnToolsVersion = 13.3;
					};
				};
			};
			buildConfigurationList = 1170DDE027F01A4600DCF5B1 /* Build configuration list for PBXProject "MH" */;
			compatibilityVersion = "Xcode 13.0";
			developmentRegion = en;
			hasScannedForEncodings = 0;
			knownRegions = (
				en,
				Base,
			);
			mainGroup = 1170DDDC27F01A4600DCF5B1;
			productRefGroup = 1170DDE627F01A4600DCF5B1 /* Products */;
			projectDirPath = "";
			projectRoot = "";
			targets = (
				1170DDE427F01A4600DCF5B1 /* MH */,
			);
		};
/* End PBXProject section */

/* Begin PBXResourcesBuildPhase section */
		1170DDE327F01A4600DCF5B1 /* Resources */ = {
			isa = PBXResourcesBuildPhase;
			buildActionMask = 2147483647;
			files = (
				1170DE2227F14F1C00DCF5B1 /* ic_profile_grey.png in Resources */,
				1109B4A12808569F004D6248 /* FeaturedCollectionCell.xib in Resources */,
				11B9FB7B27FE6BDE00EF94FD /* TabBarMenu.storyboard in Resources */,
				11B9FB8E27FE76E100EF94FD /* Generator.storyboard in Resources */,
				1170DDF527F01A4800DCF5B1 /* LaunchScreen.storyboard in Resources */,
				11B9FB8127FE720200EF94FD /* Home.storyboard in Resources */,
				11B9FB8827FE75DC00EF94FD /* Favorites.storyboard in Resources */,
				1170DDF227F01A4800DCF5B1 /* Assets.xcassets in Resources */,
				1170DE2427F14F2D00DCF5B1 /* ic_recipes_grey.png in Resources */,
				1130815B280248F800A7661D /* FeatureCell.xib in Resources */,
				1170DE1B27F13C8400DCF5B1 /* ic_notification.png in Resources */,
				11B9FB9727FFCAC900EF94FD /* sources in Resources */,
				1130815F2802554600A7661D /* HeaderView.xib in Resources */,
				1170DE2E27F1544700DCF5B1 /* BigPictureStoryboard.storyboard in Resources */,
				1170DE1E27F14F0400DCF5B1 /* ic_home_grey.png in Resources */,
				11B9FB8427FE741E00EF94FD /* Category.storyboard in Resources */,
				1170DE2027F14F1200DCF5B1 /* ic_favorites_grey.png in Resources */,
				11B9FB8B27FE768600EF94FD /* Profile.storyboard in Resources */,
				1170DE1927F13C7700DCF5B1 /* ic_arrow_back.png in Resources */,
				1170DDF027F01A4600DCF5B1 /* Main.storyboard in Resources */,
				11B9FB9527FFBB5600EF94FD /* RecipeCell.xib in Resources */,
			);
			runOnlyForDeploymentPostprocessing = 0;
		};
/* End PBXResourcesBuildPhase section */

/* Begin PBXSourcesBuildPhase section */
		1170DDE127F01A4600DCF5B1 /* Sources */ = {
			isa = PBXSourcesBuildPhase;
			buildActionMask = 2147483647;
			files = (
				1170DE2A27F1521500DCF5B1 /* FavoriteTableViewController.swift in Sources */,
				1170DE0D27F1015D00DCF5B1 /* LoginViewController.swift in Sources */,
				113081592802482900A7661D /* FeatureCell.swift in Sources */,
				1170DE2627F1515B00DCF5B1 /* HomeTableViewController.swift in Sources */,
				11B9FB9327FFBB1C00EF94FD /* RecipeCell.swift in Sources */,
				11B9FB7D27FE6DB600EF94FD /* RecipeGeneratorViewController.swift in Sources */,
				1130815D2802552400A7661D /* HeaderView.swift in Sources */,
				1109B49D28084AAB004D6248 /* ProfileButton.swift in Sources */,
				1170DE0927F0F7BD00DCF5B1 /* CustomButton.swift in Sources */,
				1170DE2C27F1525900DCF5B1 /* ProfileViewController.swift in Sources */,
				1170DE1027F10D1C00DCF5B1 /* UIColor+CustomColor.swift in Sources */,
				1170DE0B27F0FC7F00DCF5B1 /* CustomLabel.swift in Sources */,
				1170DE1227F1105700DCF5B1 /* CustomTextField.swift in Sources */,
				1170DDE927F01A4600DCF5B1 /* AppDelegate.swift in Sources */,
				1170DE1627F1370F00DCF5B1 /* CustomNavigationController.swift in Sources */,
				1170DE1427F1121300DCF5B1 /* SignUpViewController.swift in Sources */,
				1170DE0527F0F73200DCF5B1 /* LoginSignupViewController.swift in Sources */,
				1170DDEB27F01A4600DCF5B1 /* SceneDelegate.swift in Sources */,
				11308157280128EA00A7661D /* ShadowView.swift in Sources */,
				1109B49F28085650004D6248 /* FeaturedCollectionCell.swift in Sources */,
				1170DE2827F151C000DCF5B1 /* CategoryTableViewController.swift in Sources */,
				1109B4A328086422004D6248 /* CategoryCell.swift in Sources */,
			);
			runOnlyForDeploymentPostprocessing = 0;
		};
/* End PBXSourcesBuildPhase section */

/* Begin PBXVariantGroup section */
		1170DDEE27F01A4600DCF5B1 /* Main.storyboard */ = {
			isa = PBXVariantGroup;
			children = (
				1170DDEF27F01A4600DCF5B1 /* Base */,
			);
			name = Main.storyboard;
			sourceTree = "<group>";
		};
		1170DDF327F01A4800DCF5B1 /* LaunchScreen.storyboard */ = {
			isa = PBXVariantGroup;
			children = (
				1170DDF427F01A4800DCF5B1 /* Base */,
			);
			name = LaunchScreen.storyboard;
			sourceTree = "<group>";
		};
		11B9FB7927FE6BDE00EF94FD /* TabBarMenu.storyboard */ = {
			isa = PBXVariantGroup;
			children = (
				11B9FB7A27FE6BDE00EF94FD /* Base */,
			);
			name = TabBarMenu.storyboard;
			sourceTree = "<group>";
		};
		11B9FB7F27FE720200EF94FD /* Home.storyboard */ = {
			isa = PBXVariantGroup;
			children = (
				11B9FB8027FE720200EF94FD /* Base */,
			);
			name = Home.storyboard;
			sourceTree = "<group>";
		};
		11B9FB8627FE75DC00EF94FD /* Favorites.storyboard */ = {
			isa = PBXVariantGroup;
			children = (
				11B9FB8727FE75DC00EF94FD /* Base */,
			);
			name = Favorites.storyboard;
			sourceTree = "<group>";
		};
		11B9FB8C27FE76E100EF94FD /* Generator.storyboard */ = {
			isa = PBXVariantGroup;
			children = (
				11B9FB8D27FE76E100EF94FD /* Base */,
			);
			name = Generator.storyboard;
			sourceTree = "<group>";
		};
/* End PBXVariantGroup section */

/* Begin XCBuildConfiguration section */
		1170DDF727F01A4800DCF5B1 /* Debug */ = {
			isa = XCBuildConfiguration;
			buildSettings = {
				ALWAYS_SEARCH_USER_PATHS = NO;
				CLANG_ANALYZER_NONNULL = YES;
				CLANG_ANALYZER_NUMBER_OBJECT_CONVERSION = YES_AGGRESSIVE;
				CLANG_CXX_LANGUAGE_STANDARD = "gnu++17";
				CLANG_ENABLE_MODULES = YES;
				CLANG_ENABLE_OBJC_ARC = YES;
				CLANG_ENABLE_OBJC_WEAK = YES;
				CLANG_WARN_BLOCK_CAPTURE_AUTORELEASING = YES;
				CLANG_WARN_BOOL_CONVERSION = YES;
				CLANG_WARN_COMMA = YES;
				CLANG_WARN_CONSTANT_CONVERSION = YES;
				CLANG_WARN_DEPRECATED_OBJC_IMPLEMENTATIONS = YES;
				CLANG_WARN_DIRECT_OBJC_ISA_USAGE = YES_ERROR;
				CLANG_WARN_DOCUMENTATION_COMMENTS = YES;
				CLANG_WARN_EMPTY_BODY = YES;
				CLANG_WARN_ENUM_CONVERSION = YES;
				CLANG_WARN_INFINITE_RECURSION = YES;
				CLANG_WARN_INT_CONVERSION = YES;
				CLANG_WARN_NON_LITERAL_NULL_CONVERSION = YES;
				CLANG_WARN_OBJC_IMPLICIT_RETAIN_SELF = YES;
				CLANG_WARN_OBJC_LITERAL_CONVERSION = YES;
				CLANG_WARN_OBJC_ROOT_CLASS = YES_ERROR;
				CLANG_WARN_QUOTED_INCLUDE_IN_FRAMEWORK_HEADER = YES;
				CLANG_WARN_RANGE_LOOP_ANALYSIS = YES;
				CLANG_WARN_STRICT_PROTOTYPES = YES;
				CLANG_WARN_SUSPICIOUS_MOVE = YES;
				CLANG_WARN_UNGUARDED_AVAILABILITY = YES_AGGRESSIVE;
				CLANG_WARN_UNREACHABLE_CODE = YES;
				CLANG_WARN__DUPLICATE_METHOD_MATCH = YES;
				COPY_PHASE_STRIP = NO;
				DEBUG_INFORMATION_FORMAT = dwarf;
				ENABLE_STRICT_OBJC_MSGSEND = YES;
				ENABLE_TESTABILITY = YES;
				GCC_C_LANGUAGE_STANDARD = gnu11;
				GCC_DYNAMIC_NO_PIC = NO;
				GCC_NO_COMMON_BLOCKS = YES;
				GCC_OPTIMIZATION_LEVEL = 0;
				GCC_PREPROCESSOR_DEFINITIONS = (
					"DEBUG=1",
					"$(inherited)",
				);
				GCC_WARN_64_TO_32_BIT_CONVERSION = YES;
				GCC_WARN_ABOUT_RETURN_TYPE = YES_ERROR;
				GCC_WARN_UNDECLARED_SELECTOR = YES;
				GCC_WARN_UNINITIALIZED_AUTOS = YES_AGGRESSIVE;
				GCC_WARN_UNUSED_FUNCTION = YES;
				GCC_WARN_UNUSED_VARIABLE = YES;
				IPHONEOS_DEPLOYMENT_TARGET = 15.4;
				MTL_ENABLE_DEBUG_INFO = INCLUDE_SOURCE;
				MTL_FAST_MATH = YES;
				ONLY_ACTIVE_ARCH = YES;
				SDKROOT = iphoneos;
				SWIFT_ACTIVE_COMPILATION_CONDITIONS = DEBUG;
				SWIFT_OPTIMIZATION_LEVEL = "-Onone";
			};
			name = Debug;
		};
		1170DDF827F01A4800DCF5B1 /* Release */ = {
			isa = XCBuildConfiguration;
			buildSettings = {
				ALWAYS_SEARCH_USER_PATHS = NO;
				CLANG_ANALYZER_NONNULL = YES;
				CLANG_ANALYZER_NUMBER_OBJECT_CONVERSION = YES_AGGRESSIVE;
				CLANG_CXX_LANGUAGE_STANDARD = "gnu++17";
				CLANG_ENABLE_MODULES = YES;
				CLANG_ENABLE_OBJC_ARC = YES;
				CLANG_ENABLE_OBJC_WEAK = YES;
				CLANG_WARN_BLOCK_CAPTURE_AUTORELEASING = YES;
				CLANG_WARN_BOOL_CONVERSION = YES;
				CLANG_WARN_COMMA = YES;
				CLANG_WARN_CONSTANT_CONVERSION = YES;
				CLANG_WARN_DEPRECATED_OBJC_IMPLEMENTATIONS = YES;
				CLANG_WARN_DIRECT_OBJC_ISA_USAGE = YES_ERROR;
				CLANG_WARN_DOCUMENTATION_COMMENTS = YES;
				CLANG_WARN_EMPTY_BODY = YES;
				CLANG_WARN_ENUM_CONVERSION = YES;
				CLANG_WARN_INFINITE_RECURSION = YES;
				CLANG_WARN_INT_CONVERSION = YES;
				CLANG_WARN_NON_LITERAL_NULL_CONVERSION = YES;
				CLANG_WARN_OBJC_IMPLICIT_RETAIN_SELF = YES;
				CLANG_WARN_OBJC_LITERAL_CONVERSION = YES;
				CLANG_WARN_OBJC_ROOT_CLASS = YES_ERROR;
				CLANG_WARN_QUOTED_INCLUDE_IN_FRAMEWORK_HEADER = YES;
				CLANG_WARN_RANGE_LOOP_ANALYSIS = YES;
				CLANG_WARN_STRICT_PROTOTYPES = YES;
				CLANG_WARN_SUSPICIOUS_MOVE = YES;
				CLANG_WARN_UNGUARDED_AVAILABILITY = YES_AGGRESSIVE;
				CLANG_WARN_UNREACHABLE_CODE = YES;
				CLANG_WARN__DUPLICATE_METHOD_MATCH = YES;
				COPY_PHASE_STRIP = NO;
				DEBUG_INFORMATION_FORMAT = "dwarf-with-dsym";
				ENABLE_NS_ASSERTIONS = NO;
				ENABLE_STRICT_OBJC_MSGSEND = YES;
				GCC_C_LANGUAGE_STANDARD = gnu11;
				GCC_NO_COMMON_BLOCKS = YES;
				GCC_WARN_64_TO_32_BIT_CONVERSION = YES;
				GCC_WARN_ABOUT_RETURN_TYPE = YES_ERROR;
				GCC_WARN_UNDECLARED_SELECTOR = YES;
				GCC_WARN_UNINITIALIZED_AUTOS = YES_AGGRESSIVE;
				GCC_WARN_UNUSED_FUNCTION = YES;
				GCC_WARN_UNUSED_VARIABLE = YES;
				IPHONEOS_DEPLOYMENT_TARGET = 15.4;
				MTL_ENABLE_DEBUG_INFO = NO;
				MTL_FAST_MATH = YES;
				SDKROOT = iphoneos;
				SWIFT_COMPILATION_MODE = wholemodule;
				SWIFT_OPTIMIZATION_LEVEL = "-O";
				VALIDATE_PRODUCT = YES;
			};
			name = Release;
		};
		1170DDFA27F01A4800DCF5B1 /* Debug */ = {
			isa = XCBuildConfiguration;
			buildSettings = {
				ASSETCATALOG_COMPILER_APPICON_NAME = AppIcon;
				ASSETCATALOG_COMPILER_GLOBAL_ACCENT_COLOR_NAME = AccentColor;
				CODE_SIGN_STYLE = Automatic;
				CURRENT_PROJECT_VERSION = 1;
				GENERATE_INFOPLIST_FILE = YES;
				INFOPLIST_FILE = MH/Info.plist;
				INFOPLIST_KEY_UIApplicationSupportsIndirectInputEvents = YES;
				INFOPLIST_KEY_UILaunchStoryboardName = LaunchScreen;
				INFOPLIST_KEY_UIMainStoryboardFile = Main;
				INFOPLIST_KEY_UISupportedInterfaceOrientations_iPad = "UIInterfaceOrientationPortrait UIInterfaceOrientationPortraitUpsideDown UIInterfaceOrientationLandscapeLeft UIInterfaceOrientationLandscapeRight";
				INFOPLIST_KEY_UISupportedInterfaceOrientations_iPhone = "UIInterfaceOrientationPortrait UIInterfaceOrientationLandscapeLeft UIInterfaceOrientationLandscapeRight";
				LD_RUNPATH_SEARCH_PATHS = (
					"$(inherited)",
					"@executable_path/Frameworks",
				);
				MARKETING_VERSION = 1.0;
				PRODUCT_BUNDLE_IDENTIFIER = com.gmail.perezryan26.MH;
				PRODUCT_NAME = "$(TARGET_NAME)";
				SWIFT_EMIT_LOC_STRINGS = YES;
				SWIFT_VERSION = 5.0;
				TARGETED_DEVICE_FAMILY = "1,2";
			};
			name = Debug;
		};
		1170DDFB27F01A4800DCF5B1 /* Release */ = {
			isa = XCBuildConfiguration;
			buildSettings = {
				ASSETCATALOG_COMPILER_APPICON_NAME = AppIcon;
				ASSETCATALOG_COMPILER_GLOBAL_ACCENT_COLOR_NAME = AccentColor;
				CODE_SIGN_STYLE = Automatic;
				CURRENT_PROJECT_VERSION = 1;
				GENERATE_INFOPLIST_FILE = YES;
				INFOPLIST_FILE = MH/Info.plist;
				INFOPLIST_KEY_UIApplicationSupportsIndirectInputEvents = YES;
				INFOPLIST_KEY_UILaunchStoryboardName = LaunchScreen;
				INFOPLIST_KEY_UIMainStoryboardFile = Main;
				INFOPLIST_KEY_UISupportedInterfaceOrientations_iPad = "UIInterfaceOrientationPortrait UIInterfaceOrientationPortraitUpsideDown UIInterfaceOrientationLandscapeLeft UIInterfaceOrientationLandscapeRight";
				INFOPLIST_KEY_UISupportedInterfaceOrientations_iPhone = "UIInterfaceOrientationPortrait UIInterfaceOrientationLandscapeLeft UIInterfaceOrientationLandscapeRight";
				LD_RUNPATH_SEARCH_PATHS = (
					"$(inherited)",
					"@executable_path/Frameworks",
				);
				MARKETING_VERSION = 1.0;
				PRODUCT_BUNDLE_IDENTIFIER = com.gmail.perezryan26.MH;
				PRODUCT_NAME = "$(TARGET_NAME)";
				SWIFT_EMIT_LOC_STRINGS = YES;
				SWIFT_VERSION = 5.0;
				TARGETED_DEVICE_FAMILY = "1,2";
			};
			name = Release;
		};
/* End XCBuildConfiguration section */

/* Begin XCConfigurationList section */
		1170DDE027F01A4600DCF5B1 /* Build configuration list for PBXProject "MH" */ = {
			isa = XCConfigurationList;
			buildConfigurations = (
				1170DDF727F01A4800DCF5B1 /* Debug */,
				1170DDF827F01A4800DCF5B1 /* Release */,
			);
			defaultConfigurationIsVisible = 0;
			defaultConfigurationName = Release;
		};
		1170DDF927F01A4800DCF5B1 /* Build configuration list for PBXNativeTarget "MH" */ = {
			isa = XCConfigurationList;
			buildConfigurations = (
				1170DDFA27F01A4800DCF5B1 /* Debug */,
				1170DDFB27F01A4800DCF5B1 /* Release */,
			);
			defaultConfigurationIsVisible = 0;
			defaultConfigurationName = Release;
		};
/* End XCConfigurationList section */
	};
	rootObject = 1170DDDD27F01A4600DCF5B1 /* Project object */;
}
